
Microsoft Visual Studio Solution File, Format Version 12.00
# Visual Studio Version 16
VisualStudioVersion = 16.0.30621.155
MinimumVisualStudioVersion = 10.0.40219.1
Project("{FAE04EC0-301F-11D3-BF4B-00C04F79EFBC}") = "Example2", "Example2\Example2.csproj", "{DE915095-E0B2-4892-889A-389B8FF60C8B}"
EndProject
Global
	GlobalSection(SolutionConfigurationPlatforms) = preSolution
		Debug|Any CPU = Debug|Any CPU
		Release|Any CPU = Release|Any CPU
	EndGlobalSection
	GlobalSection(ProjectConfigurationPlatforms) = postSolution
		{DE915095-E0B2-4892-889A-389B8FF60C8B}.Debug|Any CPU.ActiveCfg = Debug|Any CPU
		{DE915095-E0B2-4892-889A-389B8FF60C8B}.Debug|Any CPU.Build.0 = Debug|Any CPU
		{DE915095-E0B2-4892-889A-389B8FF60C8B}.Release|Any CPU.ActiveCfg = Release|Any CPU
		{DE915095-E0B2-4892-889A-389B8FF60C8B}.Release|Any CPU.Build.0 = Release|Any CPU
	EndGlobalSection
	GlobalSection(SolutionProperties) = preSolution
		HideSolutionNode = FALSE
	EndGlobalSection
	GlobalSection(ExtensibilityGlobals) = postSolution
		SolutionGuid = {7D4D45F5-4843-4338-B1B2-6A3A2B3BB398}
	EndGlobalSection
EndGlobal
